// !$*UTF8*$!
{
	archiveVersion = 1;
	classes = {
	};
	objectVersion = 50;
	objects = {

/* Begin PBXBuildFile section */
		D2497ED824F9D0610014802A /* AppDelegate.swift in Sources */ = {isa = PBXBuildFile; fileRef = D2497ED724F9D0610014802A /* AppDelegate.swift */; };
		D2497EDA24F9D0610014802A /* ViewController.swift in Sources */ = {isa = PBXBuildFile; fileRef = D2497ED924F9D0610014802A /* ViewController.swift */; };
		D2497EDC24F9D0630014802A /* Assets.xcassets in Resources */ = {isa = PBXBuildFile; fileRef = D2497EDB24F9D0630014802A /* Assets.xcassets */; };
		D2497EDF24F9D0630014802A /* Main.storyboard in Resources */ = {isa = PBXBuildFile; fileRef = D2497EDD24F9D0630014802A /* Main.storyboard */; };
		D2BDBE582556A378008C4CEF /* README.md in Resources */ = {isa = PBXBuildFile; fileRef = D2BDBE572556A378008C4CEF /* README.md */; };
/* End PBXBuildFile section */

/* Begin PBXFileReference section */
		D2497ED424F9D0610014802A /* Real Image.app */ = {isa = PBXFileReference; explicitFileType = wrapper.application; includeInIndex = 0; path = "Real Image.app"; sourceTree = BUILT_PRODUCTS_DIR; };
		D2497ED724F9D0610014802A /* AppDelegate.swift */ = {isa = PBXFileReference; lastKnownFileType = sourcecode.swift; path = AppDelegate.swift; sourceTree = "<group>"; };
		D2497ED924F9D0610014802A /* ViewController.swift */ = {isa = PBXFileReference; lastKnownFileType = sourcecode.swift; path = ViewController.swift; sourceTree = "<group>"; };
		D2497EDB24F9D0630014802A /* Assets.xcassets */ = {isa = PBXFileReference; lastKnownFileType = folder.assetcatalog; path = Assets.xcassets; sourceTree = "<group>"; };
		D2497EDE24F9D0630014802A /* Base */ = {isa = PBXFileReference; lastKnownFileType = file.storyboard; name = Base; path = Base.lproj/Main.storyboard; sourceTree = "<group>"; };
		D2497EE024F9D0630014802A /* Info.plist */ = {isa = PBXFileReference; lastKnownFileType = text.plist.xml; path = Info.plist; sourceTree = "<group>"; };
		D2497EE124F9D0630014802A /* Real_Image.entitlements */ = {isa = PBXFileReference; lastKnownFileType = text.plist.entitlements; path = Real_Image.entitlements; sourceTree = "<group>"; };
		D2BDBE572556A378008C4CEF /* README.md */ = {isa = PBXFileReference; fileEncoding = 4; lastKnownFileType = net.daringfireball.markdown; path = README.md; sourceTree = "<group>"; };
/* End PBXFileReference section */

/* Begin PBXFrameworksBuildPhase section */
		D2497ED124F9D0610014802A /* Frameworks */ = {
			isa = PBXFrameworksBuildPhase;
			buildActionMask = 2147483647;
			files = (
			);
			runOnlyForDeploymentPostprocessing = 0;
		};
/* End PBXFrameworksBuildPhase section */

/* Begin PBXGroup section */
		D2497ECB24F9D0610014802A = {
			isa = PBXGroup;
			children = (
				D2BDBE572556A378008C4CEF /* README.md */,
				D2497ED624F9D0610014802A /* Real Image */,
				D2497ED524F9D0610014802A /* Products */,
			);
			sourceTree = "<group>";
		};
		D2497ED524F9D0610014802A /* Products */ = {
			isa = PBXGroup;
			children = (
				D2497ED424F9D0610014802A /* Real Image.app */,
			);
			name = Products;
			sourceTree = "<group>";
		};
		D2497ED624F9D0610014802A /* Real Image */ = {
			isa = PBXGroup;
			children = (
				D2BDBE5225569F9D008C4CEF /* Delegates */,
				D2BDBE5425569FA6008C4CEF /* Controllers */,
				D2497EDB24F9D0630014802A /* Assets.xcassets */,
				D2BDBE5625569FAB008C4CEF /* Storyboards */,
				D2497EE024F9D0630014802A /* Info.plist */,
				D2497EE124F9D0630014802A /* Real_Image.entitlements */,
			);
			path = "Real Image";
			sourceTree = "<group>";
		};
		D2BDBE5225569F9D008C4CEF /* Delegates */ = {
			isa = PBXGroup;
			children = (
				D2497ED724F9D0610014802A /* AppDelegate.swift */,
			);
			path = Delegates;
			sourceTree = "<group>";
		};
		D2BDBE5425569FA6008C4CEF /* Controllers */ = {
			isa = PBXGroup;
			children = (
				D2497ED924F9D0610014802A /* ViewController.swift */,
			);
			path = Controllers;
			sourceTree = "<group>";
		};
		D2BDBE5625569FAB008C4CEF /* Storyboards */ = {
			isa = PBXGroup;
			children = (
				D2497EDD24F9D0630014802A /* Main.storyboard */,
			);
			path = Storyboards;
			sourceTree = "<group>";
		};
/* End PBXGroup section */

/* Begin PBXNativeTarget section */
		D2497ED324F9D0610014802A /* Real Image */ = {
			isa = PBXNativeTarget;
			buildConfigurationList = D2497EE424F9D0630014802A /* Build configuration list for PBXNativeTarget "Real Image" */;
			buildPhases = (
				D2497ED024F9D0610014802A /* Sources */,
				D2497ED124F9D0610014802A /* Frameworks */,
				D2497ED224F9D0610014802A /* Resources */,
			);
			buildRules = (
			);
			dependencies = (
			);
			name = "Real Image";
			productName = "Real Image";
			productReference = D2497ED424F9D0610014802A /* Real Image.app */;
			productType = "com.apple.product-type.application";
		};
/* End PBXNativeTarget section */

/* Begin PBXProject section */
		D2497ECC24F9D0610014802A /* Project object */ = {
			isa = PBXProject;
			attributes = {
				LastSwiftUpdateCheck = 1160;
				LastUpgradeCheck = 1210;
				ORGANIZATIONNAME = "John Choi";
				TargetAttributes = {
					D2497ED324F9D0610014802A = {
						CreatedOnToolsVersion = 11.6;
					};
				};
			};
			buildConfigurationList = D2497ECF24F9D0610014802A /* Build configuration list for PBXProject "Real Image" */;
			compatibilityVersion = "Xcode 9.3";
			developmentRegion = en;
			hasScannedForEncodings = 0;
			knownRegions = (
				en,
				Base,
			);
			mainGroup = D2497ECB24F9D0610014802A;
			productRefGroup = D2497ED524F9D0610014802A /* Products */;
			projectDirPath = "";
			projectRoot = "";
			targets = (
				D2497ED324F9D0610014802A /* Real Image */,
			);
		};
/* End PBXProject section */

/* Begin PBXResourcesBuildPhase section */
		D2497ED224F9D0610014802A /* Resources */ = {
			isa = PBXResourcesBuildPhase;
			buildActionMask = 2147483647;
			files = (
				D2BDBE582556A378008C4CEF /* README.md in Resources */,
				D2497EDC24F9D0630014802A /* Assets.xcassets in Resources */,
				D2497EDF24F9D0630014802A /* Main.storyboard in Resources */,
			);
			runOnlyForDeploymentPostprocessing = 0;
		};
/* End PBXResourcesBuildPhase section */

/* Begin PBXSourcesBuildPhase section */
		D2497ED024F9D0610014802A /* Sources */ = {
			isa = PBXSourcesBuildPhase;
			buildActionMask = 2147483647;
			files = (
				D2497EDA24F9D0610014802A /* ViewController.swift in Sources */,
				D2497ED824F9D0610014802A /* AppDelegate.swift in Sources */,
			);
			runOnlyForDeploymentPostprocessing = 0;
		};
/* End PBXSourcesBuildPhase section */

/* Begin PBXVariantGroup section */
		D2497EDD24F9D0630014802A /* Main.storyboard */ = {
			isa = PBXVariantGroup;
			children = (
				D2497EDE24F9D0630014802A /* Base */,
			);
			name = Main.storyboard;
			sourceTree = "<group>";
		};
/* End PBXVariantGroup section */

/* Begin XCBuildConfiguration section */
		D2497EE224F9D0630014802A /* Debug */ = {
			isa = XCBuildConfiguration;
			buildSettings = {
				ALWAYS_SEARCH_USER_PATHS = NO;
				CLANG_ANALYZER_NONNULL = YES;
				CLANG_ANALYZER_NUMBER_OBJECT_CONVERSION = YES_AGGRESSIVE;
				CLANG_CXX_LANGUAGE_STANDARD = "gnu++14";
				CLANG_CXX_LIBRARY = "libc++";
				CLANG_ENABLE_MODULES = YES;
				CLANG_ENABLE_OBJC_ARC = YES;
				CLANG_ENABLE_OBJC_WEAK = YES;
				CLANG_WARN_BLOCK_CAPTURE_AUTORELEASING = YES;
				CLANG_WARN_BOOL_CONVERSION = YES;
				CLANG_WARN_COMMA = YES;
				CLANG_WARN_CONSTANT_CONVERSION = YES;
				CLANG_WARN_DEPRECATED_OBJC_IMPLEMENTATIONS = YES;
				CLANG_WARN_DIRECT_OBJC_ISA_USAGE = YES_ERROR;
				CLANG_WARN_DOCUMENTATION_COMMENTS = YES;
				CLANG_WARN_EMPTY_BODY = YES;
				CLANG_WARN_ENUM_CONVERSION = YES;
				CLANG_WARN_INFINITE_RECURSION = YES;
				CLANG_WARN_INT_CONVERSION = YES;
				CLANG_WARN_NON_LITERAL_NULL_CONVERSION = YES;
				CLANG_WARN_OBJC_IMPLICIT_RETAIN_SELF = YES;
				CLANG_WARN_OBJC_LITERAL_CONVERSION = YES;
				CLANG_WARN_OBJC_ROOT_CLASS = YES_ERROR;
				CLANG_WARN_QUOTED_INCLUDE_IN_FRAMEWORK_HEADER = YES;
				CLANG_WARN_RANGE_LOOP_ANALYSIS = YES;
				CLANG_WARN_STRICT_PROTOTYPES = YES;
				CLANG_WARN_SUSPICIOUS_MOVE = YES;
				CLANG_WARN_UNGUARDED_AVAILABILITY = YES_AGGRESSIVE;
				CLANG_WARN_UNREACHABLE_CODE = YES;
				CLANG_WARN__DUPLICATE_METHOD_MATCH = YES;
				COPY_PHASE_STRIP = NO;
				DEBUG_INFORMATION_FORMAT = dwarf;
				ENABLE_STRICT_OBJC_MSGSEND = YES;
				ENABLE_TESTABILITY = YES;
				GCC_C_LANGUAGE_STANDARD = gnu11;
				GCC_DYNAMIC_NO_PIC = NO;
				GCC_NO_COMMON_BLOCKS = YES;
				GCC_OPTIMIZATION_LEVEL = 0;
				GCC_PREPROCESSOR_DEFINITIONS = (
					"DEBUG=1",
					"$(inherited)",
				);
				GCC_WARN_64_TO_32_BIT_CONVERSION = YES;
				GCC_WARN_ABOUT_RETURN_TYPE = YES_ERROR;
				GCC_WARN_UNDECLARED_SELECTOR = YES;
				GCC_WARN_UNINITIALIZED_AUTOS = YES_AGGRESSIVE;
				GCC_WARN_UNUSED_FUNCTION = YES;
				GCC_WARN_UNUSED_VARIABLE = YES;
				MACOSX_DEPLOYMENT_TARGET = 10.15;
				MTL_ENABLE_DEBUG_INFO = INCLUDE_SOURCE;
				MTL_FAST_MATH = YES;
				ONLY_ACTIVE_ARCH = YES;
				SDKROOT = macosx;
				SWIFT_ACTIVE_COMPILATION_CONDITIONS = DEBUG;
				SWIFT_OPTIMIZATION_LEVEL = "-Onone";
			};
			name = Debug;
		};
		D2497EE324F9D0630014802A /* Release */ = {
			isa = XCBuildConfiguration;
			buildSettings = {
				ALWAYS_SEARCH_USER_PATHS = NO;
				CLANG_ANALYZER_NONNULL = YES;
				CLANG_ANALYZER_NUMBER_OBJECT_CONVERSION = YES_AGGRESSIVE;
				CLANG_CXX_LANGUAGE_STANDARD = "gnu++14";
				CLANG_CXX_LIBRARY = "libc++";
				CLANG_ENABLE_MODULES = YES;
				CLANG_ENABLE_OBJC_ARC = YES;
				CLANG_ENABLE_OBJC_WEAK = YES;
				CLANG_WARN_BLOCK_CAPTURE_AUTORELEASING = YES;
				CLANG_WARN_BOOL_CONVERSION = YES;
				CLANG_WARN_COMMA = YES;
				CLANG_WARN_CONSTANT_CONVERSION = YES;
				CLANG_WARN_DEPRECATED_OBJC_IMPLEMENTATIONS = YES;
				CLANG_WARN_DIRECT_OBJC_ISA_USAGE = YES_ERROR;
				CLANG_WARN_DOCUMENTATION_COMMENTS = YES;
				CLANG_WARN_EMPTY_BODY = YES;
				CLANG_WARN_ENUM_CONVERSION = YES;
				CLANG_WARN_INFINITE_RECURSION = YES;
				CLANG_WARN_INT_CONVERSION = YES;
				CLANG_WARN_NON_LITERAL_NULL_CONVERSION = YES;
				CLANG_WARN_OBJC_IMPLICIT_RETAIN_SELF = YES;
				CLANG_WARN_OBJC_LITERAL_CONVERSION = YES;
				CLANG_WARN_OBJC_ROOT_CLASS = YES_ERROR;
				CLANG_WARN_QUOTED_INCLUDE_IN_FRAMEWORK_HEADER = YES;
				CLANG_WARN_RANGE_LOOP_ANALYSIS = YES;
				CLANG_WARN_STRICT_PROTOTYPES = YES;
				CLANG_WARN_SUSPICIOUS_MOVE = YES;
				CLANG_WARN_UNGUARDED_AVAILABILITY = YES_AGGRESSIVE;
				CLANG_WARN_UNREACHABLE_CODE = YES;
				CLANG_WARN__DUPLICATE_METHOD_MATCH = YES;
				COPY_PHASE_STRIP = NO;
				DEBUG_INFORMATION_FORMAT = "dwarf-with-dsym";
				ENABLE_NS_ASSERTIONS = NO;
				ENABLE_STRICT_OBJC_MSGSEND = YES;
				GCC_C_LANGUAGE_STANDARD = gnu11;
				GCC_NO_COMMON_BLOCKS = YES;
				GCC_WARN_64_TO_32_BIT_CONVERSION = YES;
				GCC_WARN_ABOUT_RETURN_TYPE = YES_ERROR;
				GCC_WARN_UNDECLARED_SELECTOR = YES;
				GCC_WARN_UNINITIALIZED_AUTOS = YES_AGGRESSIVE;
				GCC_WARN_UNUSED_FUNCTION = YES;
				GCC_WARN_UNUSED_VARIABLE = YES;
				MACOSX_DEPLOYMENT_TARGET = 10.15;
				MTL_ENABLE_DEBUG_INFO = NO;
				MTL_FAST_MATH = YES;
				SDKROOT = macosx;
				SWIFT_COMPILATION_MODE = wholemodule;
				SWIFT_OPTIMIZATION_LEVEL = "-O";
			};
			name = Release;
		};
		D2497EE524F9D0630014802A /* Debug */ = {
			isa = XCBuildConfiguration;
			buildSettings = {
				ASSETCATALOG_COMPILER_APPICON_NAME = AppIcon;
				CODE_SIGN_ENTITLEMENTS = "Real Image/Real_Image.entitlements";
				CODE_SIGN_IDENTITY = "-";
				CODE_SIGN_STYLE = Automatic;
				COMBINE_HIDPI_IMAGES = YES;
				CURRENT_PROJECT_VERSION = 20201107;
				DEVELOPMENT_TEAM = 2JDGUK4DRH;
				ENABLE_HARDENED_RUNTIME = YES;
				INFOPLIST_FILE = "Real Image/Info.plist";
				LD_RUNPATH_SEARCH_PATHS = (
					"$(inherited)",
					"@executable_path/../Frameworks",
				);
				PRODUCT_BUNDLE_IDENTIFIER = "io.github.johnchoi96.Real-Image";
				PRODUCT_NAME = "$(TARGET_NAME)";
				SWIFT_VERSION = 5.0;
			};
			name = Debug;
		};
		D2497EE624F9D0630014802A /* Release */ = {
			isa = XCBuildConfiguration;
			buildSettings = {
				ASSETCATALOG_COMPILER_APPICON_NAME = AppIcon;
				CODE_SIGN_ENTITLEMENTS = "Real Image/Real_Image.entitlements";
				CODE_SIGN_IDENTITY = "-";
				CODE_SIGN_STYLE = Automatic;
				COMBINE_HIDPI_IMAGES = YES;
				CURRENT_PROJECT_VERSION = 20201107;
				DEVELOPMENT_TEAM = 2JDGUK4DRH;
				ENABLE_HARDENED_RUNTIME = YES;
				INFOPLIST_FILE = "Real Image/Info.plist";
				LD_RUNPATH_SEARCH_PATHS = (
					"$(inherited)",
					"@executable_path/../Frameworks",
				);
				PRODUCT_BUNDLE_IDENTIFIER = "io.github.johnchoi96.Real-Image";
				PRODUCT_NAME = "$(TARGET_NAME)";
				SWIFT_VERSION = 5.0;
			};
			name = Release;
		};
/* End XCBuildConfiguration section */

/* Begin XCConfigurationList section */
		D2497ECF24F9D0610014802A /* Build configuration list for PBXProject "Real Image" */ = {
			isa = XCConfigurationList;
			buildConfigurations = (
				D2497EE224F9D0630014802A /* Debug */,
				D2497EE324F9D0630014802A /* Release */,
			);
			defaultConfigurationIsVisible = 0;
			defaultConfigurationName = Release;
		};
		D2497EE424F9D0630014802A /* Build configuration list for PBXNativeTarget "Real Image" */ = {
			isa = XCConfigurationList;
			buildConfigurations = (
				D2497EE524F9D0630014802A /* Debug */,
				D2497EE624F9D0630014802A /* Release */,
			);
			defaultConfigurationIsVisible = 0;
			defaultConfigurationName = Release;
		};
/* End XCConfigurationList section */
	};
	rootObject = D2497ECC24F9D0610014802A /* Project object */;
}
